
Microsoft Visual Studio Solution File, Format Version 12.00
# Visual Studio 15
VisualStudioVersion = 15.0.26430.12
MinimumVisualStudioVersion = 10.0.40219.1
Project("{FAE04EC0-301F-11D3-BF4B-00C04F79EFBC}") = "PizzaTDDeleve", "PizzaTDDeleve.csproj", "{1A25C7C6-DCF1-4F54-A4F3-9AA22B9DCBBD}"
EndProject
Project("{FAE04EC0-301F-11D3-BF4B-00C04F79EFBC}") = "UnitTestPizzaTDD", "..\UnitTestPizzaTDD\UnitTestPizzaTDD.csproj", "{B7E02F54-C203-4779-AC40-A735D1AC95EC}"
EndProject
Global
	GlobalSection(SolutionConfigurationPlatforms) = preSolution
		Debug|Any CPU = Debug|Any CPU
		Release|Any CPU = Release|Any CPU
	EndGlobalSection
	GlobalSection(ProjectConfigurationPlatforms) = postSolution
		{1A25C7C6-DCF1-4F54-A4F3-9AA22B9DCBBD}.Debug|Any CPU.ActiveCfg = Debug|Any CPU
		{1A25C7C6-DCF1-4F54-A4F3-9AA22B9DCBBD}.Debug|Any CPU.Build.0 = Debug|Any CPU
		{1A25C7C6-DCF1-4F54-A4F3-9AA22B9DCBBD}.Release|Any CPU.ActiveCfg = Release|Any CPU
		{1A25C7C6-DCF1-4F54-A4F3-9AA22B9DCBBD}.Release|Any CPU.Build.0 = Release|Any CPU
		{B7E02F54-C203-4779-AC40-A735D1AC95EC}.Debug|Any CPU.ActiveCfg = Debug|Any CPU
		{B7E02F54-C203-4779-AC40-A735D1AC95EC}.Debug|Any CPU.Build.0 = Debug|Any CPU
		{B7E02F54-C203-4779-AC40-A735D1AC95EC}.Release|Any CPU.ActiveCfg = Release|Any CPU
		{B7E02F54-C203-4779-AC40-A735D1AC95EC}.Release|Any CPU.Build.0 = Release|Any CPU
	EndGlobalSection
	GlobalSection(SolutionProperties) = preSolution
		HideSolutionNode = FALSE
	EndGlobalSection
	GlobalSection(ExtensibilityGlobals) = postSolution
		SolutionGuid = {23340D1B-D5F2-43F4-A6A7-1B41056D5F53}
	EndGlobalSection
EndGlobal
