
Microsoft Visual Studio Solution File, Format Version 12.00
# Visual Studio 15
VisualStudioVersion = 15.0.27004.2008
MinimumVisualStudioVersion = 10.0.40219.1
Project("{FAE04EC0-301F-11D3-BF4B-00C04F79EFBC}") = "Personne", "Personne\Personne.csproj", "{45BCD713-B508-4E24-A302-2BD4A9DF3C62}"
EndProject
Global
	GlobalSection(SolutionConfigurationPlatforms) = preSolution
		Debug|Any CPU = Debug|Any CPU
		Release|Any CPU = Release|Any CPU
	EndGlobalSection
	GlobalSection(ProjectConfigurationPlatforms) = postSolution
		{45BCD713-B508-4E24-A302-2BD4A9DF3C62}.Debug|Any CPU.ActiveCfg = Debug|Any CPU
		{45BCD713-B508-4E24-A302-2BD4A9DF3C62}.Debug|Any CPU.Build.0 = Debug|Any CPU
		{45BCD713-B508-4E24-A302-2BD4A9DF3C62}.Release|Any CPU.ActiveCfg = Release|Any CPU
		{45BCD713-B508-4E24-A302-2BD4A9DF3C62}.Release|Any CPU.Build.0 = Release|Any CPU
	EndGlobalSection
	GlobalSection(SolutionProperties) = preSolution
		HideSolutionNode = FALSE
	EndGlobalSection
	GlobalSection(ExtensibilityGlobals) = postSolution
		SolutionGuid = {339CCBCC-7E7C-4177-9AF9-77B8FB48519B}
	EndGlobalSection
EndGlobal
