
Microsoft Visual Studio Solution File, Format Version 12.00
# Visual Studio 15
VisualStudioVersion = 15.0.27004.2009
MinimumVisualStudioVersion = 10.0.40219.1
Project("{FAE04EC0-301F-11D3-BF4B-00C04F79EFBC}") = "Round", "Round\Round.csproj", "{36F3237E-D215-4F2A-B909-2D4EDB37E9E3}"
EndProject
Project("{FAE04EC0-301F-11D3-BF4B-00C04F79EFBC}") = "RoundTest", "RoundTest\RoundTest.csproj", "{BE53DF2F-8442-4751-BD6C-2881F34EE4A2}"
EndProject
Global
	GlobalSection(SolutionConfigurationPlatforms) = preSolution
		Debug|Any CPU = Debug|Any CPU
		Release|Any CPU = Release|Any CPU
	EndGlobalSection
	GlobalSection(ProjectConfigurationPlatforms) = postSolution
		{36F3237E-D215-4F2A-B909-2D4EDB37E9E3}.Debug|Any CPU.ActiveCfg = Debug|Any CPU
		{36F3237E-D215-4F2A-B909-2D4EDB37E9E3}.Debug|Any CPU.Build.0 = Debug|Any CPU
		{36F3237E-D215-4F2A-B909-2D4EDB37E9E3}.Release|Any CPU.ActiveCfg = Release|Any CPU
		{36F3237E-D215-4F2A-B909-2D4EDB37E9E3}.Release|Any CPU.Build.0 = Release|Any CPU
		{BE53DF2F-8442-4751-BD6C-2881F34EE4A2}.Debug|Any CPU.ActiveCfg = Debug|Any CPU
		{BE53DF2F-8442-4751-BD6C-2881F34EE4A2}.Debug|Any CPU.Build.0 = Debug|Any CPU
		{BE53DF2F-8442-4751-BD6C-2881F34EE4A2}.Release|Any CPU.ActiveCfg = Release|Any CPU
		{BE53DF2F-8442-4751-BD6C-2881F34EE4A2}.Release|Any CPU.Build.0 = Release|Any CPU
	EndGlobalSection
	GlobalSection(SolutionProperties) = preSolution
		HideSolutionNode = FALSE
	EndGlobalSection
	GlobalSection(ExtensibilityGlobals) = postSolution
		SolutionGuid = {33108DD9-71DF-4735-8501-D56868D6297D}
	EndGlobalSection
EndGlobal
